// !$*UTF8*$!
{
	archiveVersion = 1;
	classes = {
	};
	objectVersion = 50;
	objects = {

/* Begin PBXBuildFile section */
		3B046232222AA87100A67A56 /* Meme.swift in Sources */ = {isa = PBXBuildFile; fileRef = 3B046231222AA87100A67A56 /* Meme.swift */; };
		3B04623C222AC7A400A67A56 /* CollectionViewController.swift in Sources */ = {isa = PBXBuildFile; fileRef = 3B04623B222AC7A400A67A56 /* CollectionViewController.swift */; };
		3B5E75B4223391AC0055454E /* SentMemesCell.swift in Sources */ = {isa = PBXBuildFile; fileRef = 3B5E75B3223391AC0055454E /* SentMemesCell.swift */; };
		3B5E75B62233957E0055454E /* SentMemesTableViewController.swift in Sources */ = {isa = PBXBuildFile; fileRef = 3B5E75B52233957E0055454E /* SentMemesTableViewController.swift */; };
		3B5E75B82233E2AF0055454E /* MemedImageViewController.swift in Sources */ = {isa = PBXBuildFile; fileRef = 3B5E75B72233E2AF0055454E /* MemedImageViewController.swift */; };
		3B94812B221E08A300ED74CA /* AppDelegate.swift in Sources */ = {isa = PBXBuildFile; fileRef = 3B94812A221E08A300ED74CA /* AppDelegate.swift */; };
		3B94812D221E08A300ED74CA /* ViewController.swift in Sources */ = {isa = PBXBuildFile; fileRef = 3B94812C221E08A300ED74CA /* ViewController.swift */; };
		3B948130221E08A300ED74CA /* Main.storyboard in Resources */ = {isa = PBXBuildFile; fileRef = 3B94812E221E08A300ED74CA /* Main.storyboard */; };
		3B948132221E08AE00ED74CA /* Assets.xcassets in Resources */ = {isa = PBXBuildFile; fileRef = 3B948131221E08AE00ED74CA /* Assets.xcassets */; };
		3B948135221E08AE00ED74CA /* LaunchScreen.storyboard in Resources */ = {isa = PBXBuildFile; fileRef = 3B948133221E08AE00ED74CA /* LaunchScreen.storyboard */; };
/* End PBXBuildFile section */

/* Begin PBXFileReference section */
		3B046231222AA87100A67A56 /* Meme.swift */ = {isa = PBXFileReference; lastKnownFileType = sourcecode.swift; path = Meme.swift; sourceTree = "<group>"; };
		3B04623B222AC7A400A67A56 /* CollectionViewController.swift */ = {isa = PBXFileReference; lastKnownFileType = sourcecode.swift; path = CollectionViewController.swift; sourceTree = "<group>"; };
		3B5E75B3223391AC0055454E /* SentMemesCell.swift */ = {isa = PBXFileReference; lastKnownFileType = sourcecode.swift; path = SentMemesCell.swift; sourceTree = "<group>"; };
		3B5E75B52233957E0055454E /* SentMemesTableViewController.swift */ = {isa = PBXFileReference; lastKnownFileType = sourcecode.swift; path = SentMemesTableViewController.swift; sourceTree = "<group>"; };
		3B5E75B72233E2AF0055454E /* MemedImageViewController.swift */ = {isa = PBXFileReference; lastKnownFileType = sourcecode.swift; path = MemedImageViewController.swift; sourceTree = "<group>"; };
		3B948127221E08A300ED74CA /* MemeMe.app */ = {isa = PBXFileReference; explicitFileType = wrapper.application; includeInIndex = 0; path = MemeMe.app; sourceTree = BUILT_PRODUCTS_DIR; };
		3B94812A221E08A300ED74CA /* AppDelegate.swift */ = {isa = PBXFileReference; lastKnownFileType = sourcecode.swift; path = AppDelegate.swift; sourceTree = "<group>"; };
		3B94812C221E08A300ED74CA /* ViewController.swift */ = {isa = PBXFileReference; lastKnownFileType = sourcecode.swift; path = ViewController.swift; sourceTree = "<group>"; };
		3B94812F221E08A300ED74CA /* Base */ = {isa = PBXFileReference; lastKnownFileType = file.storyboard; name = Base; path = Base.lproj/Main.storyboard; sourceTree = "<group>"; };
		3B948131221E08AE00ED74CA /* Assets.xcassets */ = {isa = PBXFileReference; lastKnownFileType = folder.assetcatalog; path = Assets.xcassets; sourceTree = "<group>"; };
		3B948134221E08AE00ED74CA /* Base */ = {isa = PBXFileReference; lastKnownFileType = file.storyboard; name = Base; path = Base.lproj/LaunchScreen.storyboard; sourceTree = "<group>"; };
		3B948136221E08AE00ED74CA /* Info.plist */ = {isa = PBXFileReference; lastKnownFileType = text.plist.xml; path = Info.plist; sourceTree = "<group>"; };
/* End PBXFileReference section */

/* Begin PBXFrameworksBuildPhase section */
		3B948124221E08A300ED74CA /* Frameworks */ = {
			isa = PBXFrameworksBuildPhase;
			buildActionMask = 2147483647;
			files = (
			);
			runOnlyForDeploymentPostprocessing = 0;
		};
/* End PBXFrameworksBuildPhase section */

/* Begin PBXGroup section */
		3B94811E221E08A300ED74CA = {
			isa = PBXGroup;
			children = (
				3B948129221E08A300ED74CA /* MemeMe */,
				3B948128221E08A300ED74CA /* Products */,
			);
			sourceTree = "<group>";
		};
		3B948128221E08A300ED74CA /* Products */ = {
			isa = PBXGroup;
			children = (
				3B948127221E08A300ED74CA /* MemeMe.app */,
			);
			name = Products;
			sourceTree = "<group>";
		};
		3B948129221E08A300ED74CA /* MemeMe */ = {
			isa = PBXGroup;
			children = (
				3B94812A221E08A300ED74CA /* AppDelegate.swift */,
				3B94812C221E08A300ED74CA /* ViewController.swift */,
				3B04623B222AC7A400A67A56 /* CollectionViewController.swift */,
				3B5E75B52233957E0055454E /* SentMemesTableViewController.swift */,
				3B5E75B72233E2AF0055454E /* MemedImageViewController.swift */,
				3B5E75B3223391AC0055454E /* SentMemesCell.swift */,
				3B046231222AA87100A67A56 /* Meme.swift */,
				3B948131221E08AE00ED74CA /* Assets.xcassets */,
				3B94812E221E08A300ED74CA /* Main.storyboard */,
				3B948133221E08AE00ED74CA /* LaunchScreen.storyboard */,
				3B948136221E08AE00ED74CA /* Info.plist */,
			);
			path = MemeMe;
			sourceTree = "<group>";
		};
/* End PBXGroup section */

/* Begin PBXNativeTarget section */
		3B948126221E08A300ED74CA /* MemeMe */ = {
			isa = PBXNativeTarget;
			buildConfigurationList = 3B948139221E08AE00ED74CA /* Build configuration list for PBXNativeTarget "MemeMe" */;
			buildPhases = (
				3B948123221E08A300ED74CA /* Sources */,
				3B948124221E08A300ED74CA /* Frameworks */,
				3B948125221E08A300ED74CA /* Resources */,
			);
			buildRules = (
			);
			dependencies = (
			);
			name = MemeMe;
			productName = MemeMe;
			productReference = 3B948127221E08A300ED74CA /* MemeMe.app */;
			productType = "com.apple.product-type.application";
		};
/* End PBXNativeTarget section */

/* Begin PBXProject section */
		3B94811F221E08A300ED74CA /* Project object */ = {
			isa = PBXProject;
			attributes = {
				LastSwiftUpdateCheck = 1010;
				LastUpgradeCheck = 1010;
				ORGANIZATIONNAME = IbrahimGamal;
				TargetAttributes = {
					3B948126221E08A300ED74CA = {
						CreatedOnToolsVersion = 10.1;
					};
				};
			};
			buildConfigurationList = 3B948122221E08A300ED74CA /* Build configuration list for PBXProject "MemeMe" */;
			compatibilityVersion = "Xcode 9.3";
			developmentRegion = en;
			hasScannedForEncodings = 0;
			knownRegions = (
				en,
				Base,
			);
			mainGroup = 3B94811E221E08A300ED74CA;
			productRefGroup = 3B948128221E08A300ED74CA /* Products */;
			projectDirPath = "";
			projectRoot = "";
			targets = (
				3B948126221E08A300ED74CA /* MemeMe */,
			);
		};
/* End PBXProject section */

/* Begin PBXResourcesBuildPhase section */
		3B948125221E08A300ED74CA /* Resources */ = {
			isa = PBXResourcesBuildPhase;
			buildActionMask = 2147483647;
			files = (
				3B948135221E08AE00ED74CA /* LaunchScreen.storyboard in Resources */,
				3B948132221E08AE00ED74CA /* Assets.xcassets in Resources */,
				3B948130221E08A300ED74CA /* Main.storyboard in Resources */,
			);
			runOnlyForDeploymentPostprocessing = 0;
		};
/* End PBXResourcesBuildPhase section */

/* Begin PBXSourcesBuildPhase section */
		3B948123221E08A300ED74CA /* Sources */ = {
			isa = PBXSourcesBuildPhase;
			buildActionMask = 2147483647;
			files = (
				3B04623C222AC7A400A67A56 /* CollectionViewController.swift in Sources */,
				3B5E75B62233957E0055454E /* SentMemesTableViewController.swift in Sources */,
				3B046232222AA87100A67A56 /* Meme.swift in Sources */,
				3B94812D221E08A300ED74CA /* ViewController.swift in Sources */,
				3B5E75B82233E2AF0055454E /* MemedImageViewController.swift in Sources */,
				3B5E75B4223391AC0055454E /* SentMemesCell.swift in Sources */,
				3B94812B221E08A300ED74CA /* AppDelegate.swift in Sources */,
			);
			runOnlyForDeploymentPostprocessing = 0;
		};
/* End PBXSourcesBuildPhase section */

/* Begin PBXVariantGroup section */
		3B94812E221E08A300ED74CA /* Main.storyboard */ = {
			isa = PBXVariantGroup;
			children = (
				3B94812F221E08A300ED74CA /* Base */,
			);
			name = Main.storyboard;
			sourceTree = "<group>";
		};
		3B948133221E08AE00ED74CA /* LaunchScreen.storyboard */ = {
			isa = PBXVariantGroup;
			children = (
				3B948134221E08AE00ED74CA /* Base */,
			);
			name = LaunchScreen.storyboard;
			sourceTree = "<group>";
		};
/* End PBXVariantGroup section */

/* Begin XCBuildConfiguration section */
		3B948137221E08AE00ED74CA /* Debug */ = {
			isa = XCBuildConfiguration;
			buildSettings = {
				ALWAYS_SEARCH_USER_PATHS = NO;
				CLANG_ANALYZER_NONNULL = YES;
				CLANG_ANALYZER_NUMBER_OBJECT_CONVERSION = YES_AGGRESSIVE;
				CLANG_CXX_LANGUAGE_STANDARD = "gnu++14";
				CLANG_CXX_LIBRARY = "libc++";
				CLANG_ENABLE_MODULES = YES;
				CLANG_ENABLE_OBJC_ARC = YES;
				CLANG_ENABLE_OBJC_WEAK = YES;
				CLANG_WARN_BLOCK_CAPTURE_AUTORELEASING = YES;
				CLANG_WARN_BOOL_CONVERSION = YES;
				CLANG_WARN_COMMA = YES;
				CLANG_WARN_CONSTANT_CONVERSION = YES;
				CLANG_WARN_DEPRECATED_OBJC_IMPLEMENTATIONS = YES;
				CLANG_WARN_DIRECT_OBJC_ISA_USAGE = YES_ERROR;
				CLANG_WARN_DOCUMENTATION_COMMENTS = YES;
				CLANG_WARN_EMPTY_BODY = YES;
				CLANG_WARN_ENUM_CONVERSION = YES;
				CLANG_WARN_INFINITE_RECURSION = YES;
				CLANG_WARN_INT_CONVERSION = YES;
				CLANG_WARN_NON_LITERAL_NULL_CONVERSION = YES;
				CLANG_WARN_OBJC_IMPLICIT_RETAIN_SELF = YES;
				CLANG_WARN_OBJC_LITERAL_CONVERSION = YES;
				CLANG_WARN_OBJC_ROOT_CLASS = YES_ERROR;
				CLANG_WARN_RANGE_LOOP_ANALYSIS = YES;
				CLANG_WARN_STRICT_PROTOTYPES = YES;
				CLANG_WARN_SUSPICIOUS_MOVE = YES;
				CLANG_WARN_UNGUARDED_AVAILABILITY = YES_AGGRESSIVE;
				CLANG_WARN_UNREACHABLE_CODE = YES;
				CLANG_WARN__DUPLICATE_METHOD_MATCH = YES;
				CODE_SIGN_IDENTITY = "iPhone Developer";
				COPY_PHASE_STRIP = NO;
				DEBUG_INFORMATION_FORMAT = dwarf;
				ENABLE_STRICT_OBJC_MSGSEND = YES;
				ENABLE_TESTABILITY = YES;
				GCC_C_LANGUAGE_STANDARD = gnu11;
				GCC_DYNAMIC_NO_PIC = NO;
				GCC_NO_COMMON_BLOCKS = YES;
				GCC_OPTIMIZATION_LEVEL = 0;
				GCC_PREPROCESSOR_DEFINITIONS = (
					"DEBUG=1",
					"$(inherited)",
				);
				GCC_WARN_64_TO_32_BIT_CONVERSION = YES;
				GCC_WARN_ABOUT_RETURN_TYPE = YES_ERROR;
				GCC_WARN_UNDECLARED_SELECTOR = YES;
				GCC_WARN_UNINITIALIZED_AUTOS = YES_AGGRESSIVE;
				GCC_WARN_UNUSED_FUNCTION = YES;
				GCC_WARN_UNUSED_VARIABLE = YES;
				IPHONEOS_DEPLOYMENT_TARGET = 12.1;
				MTL_ENABLE_DEBUG_INFO = INCLUDE_SOURCE;
				MTL_FAST_MATH = YES;
				ONLY_ACTIVE_ARCH = YES;
				SDKROOT = iphoneos;
				SWIFT_ACTIVE_COMPILATION_CONDITIONS = DEBUG;
				SWIFT_OPTIMIZATION_LEVEL = "-Onone";
			};
			name = Debug;
		};
		3B948138221E08AE00ED74CA /* Release */ = {
			isa = XCBuildConfiguration;
			buildSettings = {
				ALWAYS_SEARCH_USER_PATHS = NO;
				CLANG_ANALYZER_NONNULL = YES;
				CLANG_ANALYZER_NUMBER_OBJECT_CONVERSION = YES_AGGRESSIVE;
				CLANG_CXX_LANGUAGE_STANDARD = "gnu++14";
				CLANG_CXX_LIBRARY = "libc++";
				CLANG_ENABLE_MODULES = YES;
				CLANG_ENABLE_OBJC_ARC = YES;
				CLANG_ENABLE_OBJC_WEAK = YES;
				CLANG_WARN_BLOCK_CAPTURE_AUTORELEASING = YES;
				CLANG_WARN_BOOL_CONVERSION = YES;
				CLANG_WARN_COMMA = YES;
				CLANG_WARN_CONSTANT_CONVERSION = YES;
				CLANG_WARN_DEPRECATED_OBJC_IMPLEMENTATIONS = YES;
				CLANG_WARN_DIRECT_OBJC_ISA_USAGE = YES_ERROR;
				CLANG_WARN_DOCUMENTATION_COMMENTS = YES;
				CLANG_WARN_EMPTY_BODY = YES;
				CLANG_WARN_ENUM_CONVERSION = YES;
				CLANG_WARN_INFINITE_RECURSION = YES;
				CLANG_WARN_INT_CONVERSION = YES;
				CLANG_WARN_NON_LITERAL_NULL_CONVERSION = YES;
				CLANG_WARN_OBJC_IMPLICIT_RETAIN_SELF = YES;
				CLANG_WARN_OBJC_LITERAL_CONVERSION = YES;
				CLANG_WARN_OBJC_ROOT_CLASS = YES_ERROR;
				CLANG_WARN_RANGE_LOOP_ANALYSIS = YES;
				CLANG_WARN_STRICT_PROTOTYPES = YES;
				CLANG_WARN_SUSPICIOUS_MOVE = YES;
				CLANG_WARN_UNGUARDED_AVAILABILITY = YES_AGGRESSIVE;
				CLANG_WARN_UNREACHABLE_CODE = YES;
				CLANG_WARN__DUPLICATE_METHOD_MATCH = YES;
				CODE_SIGN_IDENTITY = "iPhone Developer";
				COPY_PHASE_STRIP = NO;
				DEBUG_INFORMATION_FORMAT = "dwarf-with-dsym";
				ENABLE_NS_ASSERTIONS = NO;
				ENABLE_STRICT_OBJC_MSGSEND = YES;
				GCC_C_LANGUAGE_STANDARD = gnu11;
				GCC_NO_COMMON_BLOCKS = YES;
				GCC_WARN_64_TO_32_BIT_CONVERSION = YES;
				GCC_WARN_ABOUT_RETURN_TYPE = YES_ERROR;
				GCC_WARN_UNDECLARED_SELECTOR = YES;
				GCC_WARN_UNINITIALIZED_AUTOS = YES_AGGRESSIVE;
				GCC_WARN_UNUSED_FUNCTION = YES;
				GCC_WARN_UNUSED_VARIABLE = YES;
				IPHONEOS_DEPLOYMENT_TARGET = 12.1;
				MTL_ENABLE_DEBUG_INFO = NO;
				MTL_FAST_MATH = YES;
				SDKROOT = iphoneos;
				SWIFT_COMPILATION_MODE = wholemodule;
				SWIFT_OPTIMIZATION_LEVEL = "-O";
				VALIDATE_PRODUCT = YES;
			};
			name = Release;
		};
		3B94813A221E08AE00ED74CA /* Debug */ = {
			isa = XCBuildConfiguration;
			buildSettings = {
				ASSETCATALOG_COMPILER_APPICON_NAME = AppIcon;
				CODE_SIGN_STYLE = Automatic;
				INFOPLIST_FILE = MemeMe/Info.plist;
				LD_RUNPATH_SEARCH_PATHS = (
					"$(inherited)",
					"@executable_path/Frameworks",
				);
				PRODUCT_BUNDLE_IDENTIFIER = deeb.gorany.MemeMe;
				PRODUCT_NAME = "$(TARGET_NAME)";
				SWIFT_VERSION = 4.2;
				TARGETED_DEVICE_FAMILY = "1,2";
			};
			name = Debug;
		};
		3B94813B221E08AE00ED74CA /* Release */ = {
			isa = XCBuildConfiguration;
			buildSettings = {
				ASSETCATALOG_COMPILER_APPICON_NAME = AppIcon;
				CODE_SIGN_STYLE = Automatic;
				INFOPLIST_FILE = MemeMe/Info.plist;
				LD_RUNPATH_SEARCH_PATHS = (
					"$(inherited)",
					"@executable_path/Frameworks",
				);
				PRODUCT_BUNDLE_IDENTIFIER = deeb.gorany.MemeMe;
				PRODUCT_NAME = "$(TARGET_NAME)";
				SWIFT_VERSION = 4.2;
				TARGETED_DEVICE_FAMILY = "1,2";
			};
			name = Release;
		};
/* End XCBuildConfiguration section */

/* Begin XCConfigurationList section */
		3B948122221E08A300ED74CA /* Build configuration list for PBXProject "MemeMe" */ = {
			isa = XCConfigurationList;
			buildConfigurations = (
				3B948137221E08AE00ED74CA /* Debug */,
				3B948138221E08AE00ED74CA /* Release */,
			);
			defaultConfigurationIsVisible = 0;
			defaultConfigurationName = Release;
		};
		3B948139221E08AE00ED74CA /* Build configuration list for PBXNativeTarget "MemeMe" */ = {
			isa = XCConfigurationList;
			buildConfigurations = (
				3B94813A221E08AE00ED74CA /* Debug */,
				3B94813B221E08AE00ED74CA /* Release */,
			);
			defaultConfigurationIsVisible = 0;
			defaultConfigurationName = Release;
		};
/* End XCConfigurationList section */
	};
	rootObject = 3B94811F221E08A300ED74CA /* Project object */;
}
